
Microsoft Visual Studio Solution File, Format Version 12.00
# Visual Studio 15
VisualStudioVersion = 15.0.28307.168
MinimumVisualStudioVersion = 10.0.40219.1
Project("{FAE04EC0-301F-11D3-BF4B-00C04F79EFBC}") = "new activity", "new activity\new activity.csproj", "{8E173FB3-DF31-40C2-9800-A3DF47B7EF5F}"
EndProject
Global
	GlobalSection(SolutionConfigurationPlatforms) = preSolution
		Debug|Any CPU = Debug|Any CPU
		Release|Any CPU = Release|Any CPU
	EndGlobalSection
	GlobalSection(ProjectConfigurationPlatforms) = postSolution
		{8E173FB3-DF31-40C2-9800-A3DF47B7EF5F}.Debug|Any CPU.ActiveCfg = Debug|Any CPU
		{8E173FB3-DF31-40C2-9800-A3DF47B7EF5F}.Debug|Any CPU.Build.0 = Debug|Any CPU
		{8E173FB3-DF31-40C2-9800-A3DF47B7EF5F}.Release|Any CPU.ActiveCfg = Release|Any CPU
		{8E173FB3-DF31-40C2-9800-A3DF47B7EF5F}.Release|Any CPU.Build.0 = Release|Any CPU
	EndGlobalSection
	GlobalSection(SolutionProperties) = preSolution
		HideSolutionNode = FALSE
	EndGlobalSection
	GlobalSection(ExtensibilityGlobals) = postSolution
		SolutionGuid = {76777DE5-0F7C-4C73-950F-AF5ECE418CBF}
	EndGlobalSection
EndGlobal
